
Microsoft Visual Studio Solution File, Format Version 12.00
# Visual Studio Version 17
VisualStudioVersion = 17.2.32526.322
MinimumVisualStudioVersion = 10.0.40219.1
Project("{FAE04EC0-301F-11D3-BF4B-00C04F79EFBC}") = "Gestion_de_Campeonatos", "Gestion_de_Campeonatos\Gestion_de_Campeonatos.csproj", "{4813B4E3-3D59-4D14-B83D-CF3B9FAB7AAF}"
EndProject
Global
	GlobalSection(SolutionConfigurationPlatforms) = preSolution
		Debug|Any CPU = Debug|Any CPU
		Release|Any CPU = Release|Any CPU
	EndGlobalSection
	GlobalSection(ProjectConfigurationPlatforms) = postSolution
		{4813B4E3-3D59-4D14-B83D-CF3B9FAB7AAF}.Debug|Any CPU.ActiveCfg = Debug|Any CPU
		{4813B4E3-3D59-4D14-B83D-CF3B9FAB7AAF}.Debug|Any CPU.Build.0 = Debug|Any CPU
		{4813B4E3-3D59-4D14-B83D-CF3B9FAB7AAF}.Release|Any CPU.ActiveCfg = Release|Any CPU
		{4813B4E3-3D59-4D14-B83D-CF3B9FAB7AAF}.Release|Any CPU.Build.0 = Release|Any CPU
	EndGlobalSection
	GlobalSection(SolutionProperties) = preSolution
		HideSolutionNode = FALSE
	EndGlobalSection
	GlobalSection(ExtensibilityGlobals) = postSolution
		SolutionGuid = {551603FE-0A02-4F4E-87A1-C685D2051303}
	EndGlobalSection
EndGlobal
